
Microsoft Visual Studio Solution File, Format Version 12.00
# Visual Studio Version 16
VisualStudioVersion = 16.0.31410.357
MinimumVisualStudioVersion = 10.0.40219.1
Project("{9A19103F-16F7-4668-BE54-9A1E7A4F7556}") = "BankManagement.WebAPI", "BankManagement.WebAPI\BankManagement.WebAPI.csproj", "{31EC4BEF-2212-4E19-AAB3-18C9A6FF72FF}"
EndProject
Project("{FAE04EC0-301F-11D3-BF4B-00C04F79EFBC}") = "BankManagementTest", "BankManagementTest\BankManagementTest.csproj", "{D069AA49-909C-46B6-AAAB-118C4DFEF59E}"
	ProjectSection(ProjectDependencies) = postProject
		{31EC4BEF-2212-4E19-AAB3-18C9A6FF72FF} = {31EC4BEF-2212-4E19-AAB3-18C9A6FF72FF}
	EndProjectSection
EndProject
Global
	GlobalSection(SolutionConfigurationPlatforms) = preSolution
		Debug|Any CPU = Debug|Any CPU
		Release|Any CPU = Release|Any CPU
	EndGlobalSection
	GlobalSection(ProjectConfigurationPlatforms) = postSolution
		{31EC4BEF-2212-4E19-AAB3-18C9A6FF72FF}.Debug|Any CPU.ActiveCfg = Debug|Any CPU
		{31EC4BEF-2212-4E19-AAB3-18C9A6FF72FF}.Debug|Any CPU.Build.0 = Debug|Any CPU
		{31EC4BEF-2212-4E19-AAB3-18C9A6FF72FF}.Release|Any CPU.ActiveCfg = Release|Any CPU
		{31EC4BEF-2212-4E19-AAB3-18C9A6FF72FF}.Release|Any CPU.Build.0 = Release|Any CPU
		{D069AA49-909C-46B6-AAAB-118C4DFEF59E}.Debug|Any CPU.ActiveCfg = Debug|Any CPU
		{D069AA49-909C-46B6-AAAB-118C4DFEF59E}.Debug|Any CPU.Build.0 = Debug|Any CPU
		{D069AA49-909C-46B6-AAAB-118C4DFEF59E}.Release|Any CPU.ActiveCfg = Release|Any CPU
		{D069AA49-909C-46B6-AAAB-118C4DFEF59E}.Release|Any CPU.Build.0 = Release|Any CPU
	EndGlobalSection
	GlobalSection(SolutionProperties) = preSolution
		HideSolutionNode = FALSE
	EndGlobalSection
	GlobalSection(ExtensibilityGlobals) = postSolution
		SolutionGuid = {62C1D364-3133-4222-BBE0-875B54819C86}
	EndGlobalSection
EndGlobal
